
Microsoft Visual Studio Solution File, Format Version 12.00
# Visual Studio Version 17
VisualStudioVersion = 17.3.32825.248
MinimumVisualStudioVersion = 10.0.40219.1
Project("{FAE04EC0-301F-11D3-BF4B-00C04F79EFBC}") = "Api_Enpoint", "Api_Enpoint\Api_Enpoint.csproj", "{99938307-A21F-4AB7-A60B-98106D306BE4}"
EndProject
Global
	GlobalSection(SolutionConfigurationPlatforms) = preSolution
		Debug|Any CPU = Debug|Any CPU
		Release|Any CPU = Release|Any CPU
	EndGlobalSection
	GlobalSection(ProjectConfigurationPlatforms) = postSolution
		{99938307-A21F-4AB7-A60B-98106D306BE4}.Debug|Any CPU.ActiveCfg = Debug|Any CPU
		{99938307-A21F-4AB7-A60B-98106D306BE4}.Debug|Any CPU.Build.0 = Debug|Any CPU
		{99938307-A21F-4AB7-A60B-98106D306BE4}.Release|Any CPU.ActiveCfg = Release|Any CPU
		{99938307-A21F-4AB7-A60B-98106D306BE4}.Release|Any CPU.Build.0 = Release|Any CPU
	EndGlobalSection
	GlobalSection(SolutionProperties) = preSolution
		HideSolutionNode = FALSE
	EndGlobalSection
	GlobalSection(ExtensibilityGlobals) = postSolution
		SolutionGuid = {5C30D8CC-0B28-4E25-8B13-FB5A96241A00}
	EndGlobalSection
EndGlobal
